{
  "name": "vue-sensors",
  "version": "1.0.0",
  "lockfileVersion": 1,
  "dependencies": {
    "sa-sdk-javascript": {
      "version": "1.8.14",
      "resolved": "https://registry.npmjs.org/sa-sdk-javascript/-/sa-sdk-javascript-1.8.14.tgz",
      "integrity": "sha512-rZ7u/ZreFmBwDROBB8i/gavgBjd6ROThQTokMzuG1uFtfLCrJRE7eWTFPO5vwB6jEl8JXpm1JcWc1uOurXbdfA=="
    }
  }
}
